
Microsoft Visual Studio Solution File, Format Version 12.00
# Visual Studio Version 17
VisualStudioVersion = 17.11.35303.130
MinimumVisualStudioVersion = 10.0.40219.1
Project("{FAE04EC0-301F-11D3-BF4B-00C04F79EFBC}") = "Lab1", "Bashmak\Lab1.csproj", "{11E387FC-82FE-426B-BE66-F63113BDBF96}"
EndProject
Project("{FAE04EC0-301F-11D3-BF4B-00C04F79EFBC}") = "Lab2", "Lab2\Lab2.csproj", "{C5266020-7AEF-46BF-8B66-45EFA6282395}"
EndProject
Project("{FAE04EC0-301F-11D3-BF4B-00C04F79EFBC}") = "Lab3", "Lab_3\Lab3.csproj", "{2BBAF986-1426-4930-9855-8D439FD3E9BA}"
EndProject
Project("{FAE04EC0-301F-11D3-BF4B-00C04F79EFBC}") = "Lab4", "Lab4\Lab4.csproj", "{AD813562-CB93-491F-B7FA-0D3B990A5A0A}"
EndProject
Global
	GlobalSection(SolutionConfigurationPlatforms) = preSolution
		Debug|Any CPU = Debug|Any CPU
		Release|Any CPU = Release|Any CPU
	EndGlobalSection
	GlobalSection(ProjectConfigurationPlatforms) = postSolution
		{11E387FC-82FE-426B-BE66-F63113BDBF96}.Debug|Any CPU.ActiveCfg = Debug|Any CPU
		{11E387FC-82FE-426B-BE66-F63113BDBF96}.Debug|Any CPU.Build.0 = Debug|Any CPU
		{11E387FC-82FE-426B-BE66-F63113BDBF96}.Release|Any CPU.ActiveCfg = Release|Any CPU
		{11E387FC-82FE-426B-BE66-F63113BDBF96}.Release|Any CPU.Build.0 = Release|Any CPU
		{C5266020-7AEF-46BF-8B66-45EFA6282395}.Debug|Any CPU.ActiveCfg = Debug|Any CPU
		{C5266020-7AEF-46BF-8B66-45EFA6282395}.Debug|Any CPU.Build.0 = Debug|Any CPU
		{C5266020-7AEF-46BF-8B66-45EFA6282395}.Release|Any CPU.ActiveCfg = Release|Any CPU
		{C5266020-7AEF-46BF-8B66-45EFA6282395}.Release|Any CPU.Build.0 = Release|Any CPU
		{2BBAF986-1426-4930-9855-8D439FD3E9BA}.Debug|Any CPU.ActiveCfg = Debug|Any CPU
		{2BBAF986-1426-4930-9855-8D439FD3E9BA}.Debug|Any CPU.Build.0 = Debug|Any CPU
		{2BBAF986-1426-4930-9855-8D439FD3E9BA}.Release|Any CPU.ActiveCfg = Release|Any CPU
		{2BBAF986-1426-4930-9855-8D439FD3E9BA}.Release|Any CPU.Build.0 = Release|Any CPU
		{AD813562-CB93-491F-B7FA-0D3B990A5A0A}.Debug|Any CPU.ActiveCfg = Debug|Any CPU
		{AD813562-CB93-491F-B7FA-0D3B990A5A0A}.Debug|Any CPU.Build.0 = Debug|Any CPU
		{AD813562-CB93-491F-B7FA-0D3B990A5A0A}.Release|Any CPU.ActiveCfg = Release|Any CPU
		{AD813562-CB93-491F-B7FA-0D3B990A5A0A}.Release|Any CPU.Build.0 = Release|Any CPU
	EndGlobalSection
	GlobalSection(SolutionProperties) = preSolution
		HideSolutionNode = FALSE
	EndGlobalSection
	GlobalSection(ExtensibilityGlobals) = postSolution
		SolutionGuid = {855EE15E-DC0C-428C-8DEE-534F99E80610}
	EndGlobalSection
EndGlobal
